// !$*UTF8*$!
{
	archiveVersion = 1;
	classes = {
	};
	objectVersion = 56;
	objects = {

/* Begin PBXBuildFile section */
		6D2FB1792A77BDEF00EDA0B5 /* NumberColorfulTextEditorController.swift in Sources */ = {isa = PBXBuildFile; fileRef = 6D2FB1782A77BDEF00EDA0B5 /* NumberColorfulTextEditorController.swift */; };
		6D2FB17B2A77CA0600EDA0B5 /* KanjiBigTextEditorController.swift in Sources */ = {isa = PBXBuildFile; fileRef = 6D2FB17A2A77CA0600EDA0B5 /* KanjiBigTextEditorController.swift */; };
		6DE7D6C42A7105A100D42404 /* AppDelegate.swift in Sources */ = {isa = PBXBuildFile; fileRef = 6DE7D6C32A7105A100D42404 /* AppDelegate.swift */; };
		6DE7D6C62A7105A100D42404 /* SceneDelegate.swift in Sources */ = {isa = PBXBuildFile; fileRef = 6DE7D6C52A7105A100D42404 /* SceneDelegate.swift */; };
		6DE7D6CB2A7105A100D42404 /* Main.storyboard in Resources */ = {isa = PBXBuildFile; fileRef = 6DE7D6C92A7105A100D42404 /* Main.storyboard */; };
		6DE7D6CD2A7105A200D42404 /* Assets.xcassets in Resources */ = {isa = PBXBuildFile; fileRef = 6DE7D6CC2A7105A200D42404 /* Assets.xcassets */; };
		6DE7D6D02A7105A200D42404 /* LaunchScreen.storyboard in Resources */ = {isa = PBXBuildFile; fileRef = 6DE7D6CE2A7105A200D42404 /* LaunchScreen.storyboard */; };
		6DE7D6D82A71089D00D42404 /* BackgroundRedTextEditorController.swift in Sources */ = {isa = PBXBuildFile; fileRef = 6DE7D6D72A71089D00D42404 /* BackgroundRedTextEditorController.swift */; };
		6DE7D6DB2A71F9A300D42404 /* HomeViewController.swift in Sources */ = {isa = PBXBuildFile; fileRef = 6DE7D6DA2A71F9A300D42404 /* HomeViewController.swift */; };
/* End PBXBuildFile section */

/* Begin PBXFileReference section */
		6D2FB1782A77BDEF00EDA0B5 /* NumberColorfulTextEditorController.swift */ = {isa = PBXFileReference; lastKnownFileType = sourcecode.swift; path = NumberColorfulTextEditorController.swift; sourceTree = "<group>"; };
		6D2FB17A2A77CA0600EDA0B5 /* KanjiBigTextEditorController.swift */ = {isa = PBXFileReference; lastKnownFileType = sourcecode.swift; path = KanjiBigTextEditorController.swift; sourceTree = "<group>"; };
		6DE7D6C02A7105A100D42404 /* CustomTextEditor.app */ = {isa = PBXFileReference; explicitFileType = wrapper.application; includeInIndex = 0; path = CustomTextEditor.app; sourceTree = BUILT_PRODUCTS_DIR; };
		6DE7D6C32A7105A100D42404 /* AppDelegate.swift */ = {isa = PBXFileReference; lastKnownFileType = sourcecode.swift; path = AppDelegate.swift; sourceTree = "<group>"; };
		6DE7D6C52A7105A100D42404 /* SceneDelegate.swift */ = {isa = PBXFileReference; lastKnownFileType = sourcecode.swift; path = SceneDelegate.swift; sourceTree = "<group>"; };
		6DE7D6CA2A7105A100D42404 /* Base */ = {isa = PBXFileReference; lastKnownFileType = file.storyboard; name = Base; path = Base.lproj/Main.storyboard; sourceTree = "<group>"; };
		6DE7D6CC2A7105A200D42404 /* Assets.xcassets */ = {isa = PBXFileReference; lastKnownFileType = folder.assetcatalog; path = Assets.xcassets; sourceTree = "<group>"; };
		6DE7D6CF2A7105A200D42404 /* Base */ = {isa = PBXFileReference; lastKnownFileType = file.storyboard; name = Base; path = Base.lproj/LaunchScreen.storyboard; sourceTree = "<group>"; };
		6DE7D6D12A7105A200D42404 /* Info.plist */ = {isa = PBXFileReference; lastKnownFileType = text.plist.xml; path = Info.plist; sourceTree = "<group>"; };
		6DE7D6D72A71089D00D42404 /* BackgroundRedTextEditorController.swift */ = {isa = PBXFileReference; lastKnownFileType = sourcecode.swift; path = BackgroundRedTextEditorController.swift; sourceTree = "<group>"; };
		6DE7D6DA2A71F9A300D42404 /* HomeViewController.swift */ = {isa = PBXFileReference; lastKnownFileType = sourcecode.swift; path = HomeViewController.swift; sourceTree = "<group>"; };
/* End PBXFileReference section */

/* Begin PBXFrameworksBuildPhase section */
		6DE7D6BD2A7105A100D42404 /* Frameworks */ = {
			isa = PBXFrameworksBuildPhase;
			buildActionMask = 2147483647;
			files = (
			);
			runOnlyForDeploymentPostprocessing = 0;
		};
/* End PBXFrameworksBuildPhase section */

/* Begin PBXGroup section */
		6DE7D6B72A7105A100D42404 = {
			isa = PBXGroup;
			children = (
				6DE7D6C22A7105A100D42404 /* CustomTextEditor */,
				6DE7D6C12A7105A100D42404 /* Products */,
			);
			sourceTree = "<group>";
		};
		6DE7D6C12A7105A100D42404 /* Products */ = {
			isa = PBXGroup;
			children = (
				6DE7D6C02A7105A100D42404 /* CustomTextEditor.app */,
			);
			name = Products;
			sourceTree = "<group>";
		};
		6DE7D6C22A7105A100D42404 /* CustomTextEditor */ = {
			isa = PBXGroup;
			children = (
				6DE7D6D92A710A3800D42404 /* ViewController */,
				6DE7D6C32A7105A100D42404 /* AppDelegate.swift */,
				6DE7D6C52A7105A100D42404 /* SceneDelegate.swift */,
				6DE7D6C92A7105A100D42404 /* Main.storyboard */,
				6DE7D6CC2A7105A200D42404 /* Assets.xcassets */,
				6DE7D6CE2A7105A200D42404 /* LaunchScreen.storyboard */,
				6DE7D6D12A7105A200D42404 /* Info.plist */,
			);
			path = CustomTextEditor;
			sourceTree = "<group>";
		};
		6DE7D6D92A710A3800D42404 /* ViewController */ = {
			isa = PBXGroup;
			children = (
				6DE7D6D72A71089D00D42404 /* BackgroundRedTextEditorController.swift */,
				6DE7D6DA2A71F9A300D42404 /* HomeViewController.swift */,
				6D2FB1782A77BDEF00EDA0B5 /* NumberColorfulTextEditorController.swift */,
				6D2FB17A2A77CA0600EDA0B5 /* KanjiBigTextEditorController.swift */,
			);
			path = ViewController;
			sourceTree = "<group>";
		};
/* End PBXGroup section */

/* Begin PBXNativeTarget section */
		6DE7D6BF2A7105A100D42404 /* CustomTextEditor */ = {
			isa = PBXNativeTarget;
			buildConfigurationList = 6DE7D6D42A7105A200D42404 /* Build configuration list for PBXNativeTarget "CustomTextEditor" */;
			buildPhases = (
				6DE7D6BC2A7105A100D42404 /* Sources */,
				6DE7D6BD2A7105A100D42404 /* Frameworks */,
				6DE7D6BE2A7105A100D42404 /* Resources */,
			);
			buildRules = (
			);
			dependencies = (
			);
			name = CustomTextEditor;
			productName = CustomTextEditor;
			productReference = 6DE7D6C02A7105A100D42404 /* CustomTextEditor.app */;
			productType = "com.apple.product-type.application";
		};
/* End PBXNativeTarget section */

/* Begin PBXProject section */
		6DE7D6B82A7105A100D42404 /* Project object */ = {
			isa = PBXProject;
			attributes = {
				BuildIndependentTargetsInParallel = 1;
				LastSwiftUpdateCheck = 1420;
				LastUpgradeCheck = 1420;
				TargetAttributes = {
					6DE7D6BF2A7105A100D42404 = {
						CreatedOnToolsVersion = 14.2;
					};
				};
			};
			buildConfigurationList = 6DE7D6BB2A7105A100D42404 /* Build configuration list for PBXProject "CustomTextEditor" */;
			compatibilityVersion = "Xcode 14.0";
			developmentRegion = en;
			hasScannedForEncodings = 0;
			knownRegions = (
				en,
				Base,
			);
			mainGroup = 6DE7D6B72A7105A100D42404;
			productRefGroup = 6DE7D6C12A7105A100D42404 /* Products */;
			projectDirPath = "";
			projectRoot = "";
			targets = (
				6DE7D6BF2A7105A100D42404 /* CustomTextEditor */,
			);
		};
/* End PBXProject section */

/* Begin PBXResourcesBuildPhase section */
		6DE7D6BE2A7105A100D42404 /* Resources */ = {
			isa = PBXResourcesBuildPhase;
			buildActionMask = 2147483647;
			files = (
				6DE7D6D02A7105A200D42404 /* LaunchScreen.storyboard in Resources */,
				6DE7D6CD2A7105A200D42404 /* Assets.xcassets in Resources */,
				6DE7D6CB2A7105A100D42404 /* Main.storyboard in Resources */,
			);
			runOnlyForDeploymentPostprocessing = 0;
		};
/* End PBXResourcesBuildPhase section */

/* Begin PBXSourcesBuildPhase section */
		6DE7D6BC2A7105A100D42404 /* Sources */ = {
			isa = PBXSourcesBuildPhase;
			buildActionMask = 2147483647;
			files = (
				6D2FB1792A77BDEF00EDA0B5 /* NumberColorfulTextEditorController.swift in Sources */,
				6DE7D6D82A71089D00D42404 /* BackgroundRedTextEditorController.swift in Sources */,
				6DE7D6C42A7105A100D42404 /* AppDelegate.swift in Sources */,
				6DE7D6C62A7105A100D42404 /* SceneDelegate.swift in Sources */,
				6DE7D6DB2A71F9A300D42404 /* HomeViewController.swift in Sources */,
				6D2FB17B2A77CA0600EDA0B5 /* KanjiBigTextEditorController.swift in Sources */,
			);
			runOnlyForDeploymentPostprocessing = 0;
		};
/* End PBXSourcesBuildPhase section */

/* Begin PBXVariantGroup section */
		6DE7D6C92A7105A100D42404 /* Main.storyboard */ = {
			isa = PBXVariantGroup;
			children = (
				6DE7D6CA2A7105A100D42404 /* Base */,
			);
			name = Main.storyboard;
			sourceTree = "<group>";
		};
		6DE7D6CE2A7105A200D42404 /* LaunchScreen.storyboard */ = {
			isa = PBXVariantGroup;
			children = (
				6DE7D6CF2A7105A200D42404 /* Base */,
			);
			name = LaunchScreen.storyboard;
			sourceTree = "<group>";
		};
/* End PBXVariantGroup section */

/* Begin XCBuildConfiguration section */
		6DE7D6D22A7105A200D42404 /* Debug */ = {
			isa = XCBuildConfiguration;
			buildSettings = {
				ALWAYS_SEARCH_USER_PATHS = NO;
				CLANG_ANALYZER_NONNULL = YES;
				CLANG_ANALYZER_NUMBER_OBJECT_CONVERSION = YES_AGGRESSIVE;
				CLANG_CXX_LANGUAGE_STANDARD = "gnu++20";
				CLANG_ENABLE_MODULES = YES;
				CLANG_ENABLE_OBJC_ARC = YES;
				CLANG_ENABLE_OBJC_WEAK = YES;
				CLANG_WARN_BLOCK_CAPTURE_AUTORELEASING = YES;
				CLANG_WARN_BOOL_CONVERSION = YES;
				CLANG_WARN_COMMA = YES;
				CLANG_WARN_CONSTANT_CONVERSION = YES;
				CLANG_WARN_DEPRECATED_OBJC_IMPLEMENTATIONS = YES;
				CLANG_WARN_DIRECT_OBJC_ISA_USAGE = YES_ERROR;
				CLANG_WARN_DOCUMENTATION_COMMENTS = YES;
				CLANG_WARN_EMPTY_BODY = YES;
				CLANG_WARN_ENUM_CONVERSION = YES;
				CLANG_WARN_INFINITE_RECURSION = YES;
				CLANG_WARN_INT_CONVERSION = YES;
				CLANG_WARN_NON_LITERAL_NULL_CONVERSION = YES;
				CLANG_WARN_OBJC_IMPLICIT_RETAIN_SELF = YES;
				CLANG_WARN_OBJC_LITERAL_CONVERSION = YES;
				CLANG_WARN_OBJC_ROOT_CLASS = YES_ERROR;
				CLANG_WARN_QUOTED_INCLUDE_IN_FRAMEWORK_HEADER = YES;
				CLANG_WARN_RANGE_LOOP_ANALYSIS = YES;
				CLANG_WARN_STRICT_PROTOTYPES = YES;
				CLANG_WARN_SUSPICIOUS_MOVE = YES;
				CLANG_WARN_UNGUARDED_AVAILABILITY = YES_AGGRESSIVE;
				CLANG_WARN_UNREACHABLE_CODE = YES;
				CLANG_WARN__DUPLICATE_METHOD_MATCH = YES;
				COPY_PHASE_STRIP = NO;
				DEBUG_INFORMATION_FORMAT = dwarf;
				ENABLE_STRICT_OBJC_MSGSEND = YES;
				ENABLE_TESTABILITY = YES;
				GCC_C_LANGUAGE_STANDARD = gnu11;
				GCC_DYNAMIC_NO_PIC = NO;
				GCC_NO_COMMON_BLOCKS = YES;
				GCC_OPTIMIZATION_LEVEL = 0;
				GCC_PREPROCESSOR_DEFINITIONS = (
					"DEBUG=1",
					"$(inherited)",
				);
				GCC_WARN_64_TO_32_BIT_CONVERSION = YES;
				GCC_WARN_ABOUT_RETURN_TYPE = YES_ERROR;
				GCC_WARN_UNDECLARED_SELECTOR = YES;
				GCC_WARN_UNINITIALIZED_AUTOS = YES_AGGRESSIVE;
				GCC_WARN_UNUSED_FUNCTION = YES;
				GCC_WARN_UNUSED_VARIABLE = YES;
				IPHONEOS_DEPLOYMENT_TARGET = 16.2;
				MTL_ENABLE_DEBUG_INFO = INCLUDE_SOURCE;
				MTL_FAST_MATH = YES;
				ONLY_ACTIVE_ARCH = YES;
				SDKROOT = iphoneos;
				SWIFT_ACTIVE_COMPILATION_CONDITIONS = DEBUG;
				SWIFT_OPTIMIZATION_LEVEL = "-Onone";
			};
			name = Debug;
		};
		6DE7D6D32A7105A200D42404 /* Release */ = {
			isa = XCBuildConfiguration;
			buildSettings = {
				ALWAYS_SEARCH_USER_PATHS = NO;
				CLANG_ANALYZER_NONNULL = YES;
				CLANG_ANALYZER_NUMBER_OBJECT_CONVERSION = YES_AGGRESSIVE;
				CLANG_CXX_LANGUAGE_STANDARD = "gnu++20";
				CLANG_ENABLE_MODULES = YES;
				CLANG_ENABLE_OBJC_ARC = YES;
				CLANG_ENABLE_OBJC_WEAK = YES;
				CLANG_WARN_BLOCK_CAPTURE_AUTORELEASING = YES;
				CLANG_WARN_BOOL_CONVERSION = YES;
				CLANG_WARN_COMMA = YES;
				CLANG_WARN_CONSTANT_CONVERSION = YES;
				CLANG_WARN_DEPRECATED_OBJC_IMPLEMENTATIONS = YES;
				CLANG_WARN_DIRECT_OBJC_ISA_USAGE = YES_ERROR;
				CLANG_WARN_DOCUMENTATION_COMMENTS = YES;
				CLANG_WARN_EMPTY_BODY = YES;
				CLANG_WARN_ENUM_CONVERSION = YES;
				CLANG_WARN_INFINITE_RECURSION = YES;
				CLANG_WARN_INT_CONVERSION = YES;
				CLANG_WARN_NON_LITERAL_NULL_CONVERSION = YES;
				CLANG_WARN_OBJC_IMPLICIT_RETAIN_SELF = YES;
				CLANG_WARN_OBJC_LITERAL_CONVERSION = YES;
				CLANG_WARN_OBJC_ROOT_CLASS = YES_ERROR;
				CLANG_WARN_QUOTED_INCLUDE_IN_FRAMEWORK_HEADER = YES;
				CLANG_WARN_RANGE_LOOP_ANALYSIS = YES;
				CLANG_WARN_STRICT_PROTOTYPES = YES;
				CLANG_WARN_SUSPICIOUS_MOVE = YES;
				CLANG_WARN_UNGUARDED_AVAILABILITY = YES_AGGRESSIVE;
				CLANG_WARN_UNREACHABLE_CODE = YES;
				CLANG_WARN__DUPLICATE_METHOD_MATCH = YES;
				COPY_PHASE_STRIP = NO;
				DEBUG_INFORMATION_FORMAT = "dwarf-with-dsym";
				ENABLE_NS_ASSERTIONS = NO;
				ENABLE_STRICT_OBJC_MSGSEND = YES;
				GCC_C_LANGUAGE_STANDARD = gnu11;
				GCC_NO_COMMON_BLOCKS = YES;
				GCC_WARN_64_TO_32_BIT_CONVERSION = YES;
				GCC_WARN_ABOUT_RETURN_TYPE = YES_ERROR;
				GCC_WARN_UNDECLARED_SELECTOR = YES;
				GCC_WARN_UNINITIALIZED_AUTOS = YES_AGGRESSIVE;
				GCC_WARN_UNUSED_FUNCTION = YES;
				GCC_WARN_UNUSED_VARIABLE = YES;
				IPHONEOS_DEPLOYMENT_TARGET = 16.2;
				MTL_ENABLE_DEBUG_INFO = NO;
				MTL_FAST_MATH = YES;
				SDKROOT = iphoneos;
				SWIFT_COMPILATION_MODE = wholemodule;
				SWIFT_OPTIMIZATION_LEVEL = "-O";
				VALIDATE_PRODUCT = YES;
			};
			name = Release;
		};
		6DE7D6D52A7105A200D42404 /* Debug */ = {
			isa = XCBuildConfiguration;
			buildSettings = {
				ASSETCATALOG_COMPILER_APPICON_NAME = AppIcon;
				ASSETCATALOG_COMPILER_GLOBAL_ACCENT_COLOR_NAME = AccentColor;
				CODE_SIGN_STYLE = Automatic;
				CURRENT_PROJECT_VERSION = 1;
				DEVELOPMENT_TEAM = DQQRHYJ3R5;
				GENERATE_INFOPLIST_FILE = YES;
				INFOPLIST_FILE = CustomTextEditor/Info.plist;
				INFOPLIST_KEY_UIApplicationSupportsIndirectInputEvents = YES;
				INFOPLIST_KEY_UILaunchStoryboardName = LaunchScreen;
				INFOPLIST_KEY_UIMainStoryboardFile = Main;
				INFOPLIST_KEY_UISupportedInterfaceOrientations_iPad = "UIInterfaceOrientationPortrait UIInterfaceOrientationPortraitUpsideDown UIInterfaceOrientationLandscapeLeft UIInterfaceOrientationLandscapeRight";
				INFOPLIST_KEY_UISupportedInterfaceOrientations_iPhone = "UIInterfaceOrientationPortrait UIInterfaceOrientationLandscapeLeft UIInterfaceOrientationLandscapeRight";
				LD_RUNPATH_SEARCH_PATHS = (
					"$(inherited)",
					"@executable_path/Frameworks",
				);
				MARKETING_VERSION = 1.0;
				PRODUCT_BUNDLE_IDENTIFIER = naoki.takehisa.CustomTextEditor;
				PRODUCT_NAME = "$(TARGET_NAME)";
				SWIFT_EMIT_LOC_STRINGS = YES;
				SWIFT_VERSION = 5.0;
				TARGETED_DEVICE_FAMILY = "1,2";
			};
			name = Debug;
		};
		6DE7D6D62A7105A200D42404 /* Release */ = {
			isa = XCBuildConfiguration;
			buildSettings = {
				ASSETCATALOG_COMPILER_APPICON_NAME = AppIcon;
				ASSETCATALOG_COMPILER_GLOBAL_ACCENT_COLOR_NAME = AccentColor;
				CODE_SIGN_STYLE = Automatic;
				CURRENT_PROJECT_VERSION = 1;
				DEVELOPMENT_TEAM = DQQRHYJ3R5;
				GENERATE_INFOPLIST_FILE = YES;
				INFOPLIST_FILE = CustomTextEditor/Info.plist;
				INFOPLIST_KEY_UIApplicationSupportsIndirectInputEvents = YES;
				INFOPLIST_KEY_UILaunchStoryboardName = LaunchScreen;
				INFOPLIST_KEY_UIMainStoryboardFile = Main;
				INFOPLIST_KEY_UISupportedInterfaceOrientations_iPad = "UIInterfaceOrientationPortrait UIInterfaceOrientationPortraitUpsideDown UIInterfaceOrientationLandscapeLeft UIInterfaceOrientationLandscapeRight";
				INFOPLIST_KEY_UISupportedInterfaceOrientations_iPhone = "UIInterfaceOrientationPortrait UIInterfaceOrientationLandscapeLeft UIInterfaceOrientationLandscapeRight";
				LD_RUNPATH_SEARCH_PATHS = (
					"$(inherited)",
					"@executable_path/Frameworks",
				);
				MARKETING_VERSION = 1.0;
				PRODUCT_BUNDLE_IDENTIFIER = naoki.takehisa.CustomTextEditor;
				PRODUCT_NAME = "$(TARGET_NAME)";
				SWIFT_EMIT_LOC_STRINGS = YES;
				SWIFT_VERSION = 5.0;
				TARGETED_DEVICE_FAMILY = "1,2";
			};
			name = Release;
		};
/* End XCBuildConfiguration section */

/* Begin XCConfigurationList section */
		6DE7D6BB2A7105A100D42404 /* Build configuration list for PBXProject "CustomTextEditor" */ = {
			isa = XCConfigurationList;
			buildConfigurations = (
				6DE7D6D22A7105A200D42404 /* Debug */,
				6DE7D6D32A7105A200D42404 /* Release */,
			);
			defaultConfigurationIsVisible = 0;
			defaultConfigurationName = Release;
		};
		6DE7D6D42A7105A200D42404 /* Build configuration list for PBXNativeTarget "CustomTextEditor" */ = {
			isa = XCConfigurationList;
			buildConfigurations = (
				6DE7D6D52A7105A200D42404 /* Debug */,
				6DE7D6D62A7105A200D42404 /* Release */,
			);
			defaultConfigurationIsVisible = 0;
			defaultConfigurationName = Release;
		};
/* End XCConfigurationList section */
	};
	rootObject = 6DE7D6B82A7105A100D42404 /* Project object */;
}
